
Microsoft Visual Studio Solution File, Format Version 12.00
# Visual Studio 2013
VisualStudioVersion = 12.0.40629.0
MinimumVisualStudioVersion = 10.0.40219.1
Project("{FAE04EC0-301F-11D3-BF4B-00C04F79EFBC}") = "LearnJS.Web", "LearnJS.Web\LearnJS.Web.csproj", "{411EFA59-7821-4D32-AB26-1F6214F49AFA}"
EndProject
Project("{FAE04EC0-301F-11D3-BF4B-00C04F79EFBC}") = "LearnJS.Api", "LearnJS.Api\LearnJS.Api.csproj", "{B9C65351-3544-4299-9EFD-FE0A7FD90A6E}"
EndProject
Project("{FAE04EC0-301F-11D3-BF4B-00C04F79EFBC}") = "LearnJS.HeroManagement", "LearnJS.HeroManagement\LearnJS.HeroManagement.csproj", "{84294987-D88F-47FF-B6A7-DD30C9814FB2}"
EndProject
Global
	GlobalSection(SolutionConfigurationPlatforms) = preSolution
		Debug|Any CPU = Debug|Any CPU
		Debug|ARM = Debug|ARM
		Debug|x64 = Debug|x64
		Debug|x86 = Debug|x86
		Release|Any CPU = Release|Any CPU
		Release|ARM = Release|ARM
		Release|x64 = Release|x64
		Release|x86 = Release|x86
	EndGlobalSection
	GlobalSection(ProjectConfigurationPlatforms) = postSolution
		{411EFA59-7821-4D32-AB26-1F6214F49AFA}.Debug|Any CPU.ActiveCfg = Debug|Any CPU
		{411EFA59-7821-4D32-AB26-1F6214F49AFA}.Debug|Any CPU.Build.0 = Debug|Any CPU
		{411EFA59-7821-4D32-AB26-1F6214F49AFA}.Debug|ARM.ActiveCfg = Debug|Any CPU
		{411EFA59-7821-4D32-AB26-1F6214F49AFA}.Debug|x64.ActiveCfg = Debug|Any CPU
		{411EFA59-7821-4D32-AB26-1F6214F49AFA}.Debug|x86.ActiveCfg = Debug|Any CPU
		{411EFA59-7821-4D32-AB26-1F6214F49AFA}.Release|Any CPU.ActiveCfg = Release|Any CPU
		{411EFA59-7821-4D32-AB26-1F6214F49AFA}.Release|Any CPU.Build.0 = Release|Any CPU
		{411EFA59-7821-4D32-AB26-1F6214F49AFA}.Release|ARM.ActiveCfg = Release|Any CPU
		{411EFA59-7821-4D32-AB26-1F6214F49AFA}.Release|x64.ActiveCfg = Release|Any CPU
		{411EFA59-7821-4D32-AB26-1F6214F49AFA}.Release|x86.ActiveCfg = Release|Any CPU
		{B9C65351-3544-4299-9EFD-FE0A7FD90A6E}.Debug|Any CPU.ActiveCfg = Debug|Any CPU
		{B9C65351-3544-4299-9EFD-FE0A7FD90A6E}.Debug|Any CPU.Build.0 = Debug|Any CPU
		{B9C65351-3544-4299-9EFD-FE0A7FD90A6E}.Debug|ARM.ActiveCfg = Debug|Any CPU
		{B9C65351-3544-4299-9EFD-FE0A7FD90A6E}.Debug|x64.ActiveCfg = Debug|Any CPU
		{B9C65351-3544-4299-9EFD-FE0A7FD90A6E}.Debug|x86.ActiveCfg = Debug|Any CPU
		{B9C65351-3544-4299-9EFD-FE0A7FD90A6E}.Release|Any CPU.ActiveCfg = Release|Any CPU
		{B9C65351-3544-4299-9EFD-FE0A7FD90A6E}.Release|Any CPU.Build.0 = Release|Any CPU
		{B9C65351-3544-4299-9EFD-FE0A7FD90A6E}.Release|ARM.ActiveCfg = Release|Any CPU
		{B9C65351-3544-4299-9EFD-FE0A7FD90A6E}.Release|x64.ActiveCfg = Release|Any CPU
		{B9C65351-3544-4299-9EFD-FE0A7FD90A6E}.Release|x86.ActiveCfg = Release|Any CPU
		{84294987-D88F-47FF-B6A7-DD30C9814FB2}.Debug|Any CPU.ActiveCfg = Debug|Any CPU
		{84294987-D88F-47FF-B6A7-DD30C9814FB2}.Debug|Any CPU.Build.0 = Debug|Any CPU
		{84294987-D88F-47FF-B6A7-DD30C9814FB2}.Debug|ARM.ActiveCfg = Debug|Any CPU
		{84294987-D88F-47FF-B6A7-DD30C9814FB2}.Debug|x64.ActiveCfg = Debug|Any CPU
		{84294987-D88F-47FF-B6A7-DD30C9814FB2}.Debug|x86.ActiveCfg = Debug|Any CPU
		{84294987-D88F-47FF-B6A7-DD30C9814FB2}.Release|Any CPU.ActiveCfg = Release|Any CPU
		{84294987-D88F-47FF-B6A7-DD30C9814FB2}.Release|Any CPU.Build.0 = Release|Any CPU
		{84294987-D88F-47FF-B6A7-DD30C9814FB2}.Release|ARM.ActiveCfg = Release|Any CPU
		{84294987-D88F-47FF-B6A7-DD30C9814FB2}.Release|x64.ActiveCfg = Release|Any CPU
		{84294987-D88F-47FF-B6A7-DD30C9814FB2}.Release|x86.ActiveCfg = Release|Any CPU
	EndGlobalSection
	GlobalSection(SolutionProperties) = preSolution
		HideSolutionNode = FALSE
	EndGlobalSection
EndGlobal
